// !$*UTF8*$!
{
	archiveVersion = 1;
	classes = {
	};
	objectVersion = 56;
	objects = {

/* Begin PBXBuildFile section */
		9B0383B72A04D7F4005E333D /* JourneysSquadApp.swift in Sources */ = {isa = PBXBuildFile; fileRef = 9B0383B62A04D7F4005E333D /* JourneysSquadApp.swift */; };
		9B0383B92A04D7F4005E333D /* ContentView.swift in Sources */ = {isa = PBXBuildFile; fileRef = 9B0383B82A04D7F4005E333D /* ContentView.swift */; };
		9B0383BB2A04D7F6005E333D /* Assets.xcassets in Resources */ = {isa = PBXBuildFile; fileRef = 9B0383BA2A04D7F6005E333D /* Assets.xcassets */; };
		9B0383BE2A04D7F6005E333D /* Preview Assets.xcassets in Resources */ = {isa = PBXBuildFile; fileRef = 9B0383BD2A04D7F6005E333D /* Preview Assets.xcassets */; };
		9BF8522D2A0F6DA10000E0C0 /* BillValidationError.swift in Sources */ = {isa = PBXBuildFile; fileRef = 9BF8522C2A0F6DA10000E0C0 /* BillValidationError.swift */; };
/* End PBXBuildFile section */

/* Begin PBXContainerItemProxy section */
		9B1DBD992A0E2EE50082999A /* PBXContainerItemProxy */ = {
			isa = PBXContainerItemProxy;
			containerPortal = 9B0383AB2A04D7F4005E333D /* Project object */;
			proxyType = 1;
			remoteGlobalIDString = 9B0383B22A04D7F4005E333D;
			remoteInfo = JourneysSquad;
		};
/* End PBXContainerItemProxy section */

/* Begin PBXFileReference section */
		9B0383B32A04D7F4005E333D /* JourneysSquad.app */ = {isa = PBXFileReference; explicitFileType = wrapper.application; includeInIndex = 0; path = JourneysSquad.app; sourceTree = BUILT_PRODUCTS_DIR; };
		9B0383B62A04D7F4005E333D /* JourneysSquadApp.swift */ = {isa = PBXFileReference; lastKnownFileType = sourcecode.swift; path = JourneysSquadApp.swift; sourceTree = "<group>"; };
		9B0383B82A04D7F4005E333D /* ContentView.swift */ = {isa = PBXFileReference; lastKnownFileType = sourcecode.swift; path = ContentView.swift; sourceTree = "<group>"; };
		9B0383BA2A04D7F6005E333D /* Assets.xcassets */ = {isa = PBXFileReference; lastKnownFileType = folder.assetcatalog; path = Assets.xcassets; sourceTree = "<group>"; };
		9B0383BD2A04D7F6005E333D /* Preview Assets.xcassets */ = {isa = PBXFileReference; lastKnownFileType = folder.assetcatalog; path = "Preview Assets.xcassets"; sourceTree = "<group>"; };
		9B1DBD952A0E2EE40082999A /* JourneysSquadTests.xctest */ = {isa = PBXFileReference; explicitFileType = wrapper.cfbundle; includeInIndex = 0; path = JourneysSquadTests.xctest; sourceTree = BUILT_PRODUCTS_DIR; };
		9BF8522C2A0F6DA10000E0C0 /* BillValidationError.swift */ = {isa = PBXFileReference; fileEncoding = 4; lastKnownFileType = sourcecode.swift; path = BillValidationError.swift; sourceTree = "<group>"; };
/* End PBXFileReference section */

/* Begin PBXFrameworksBuildPhase section */
		9B0383B02A04D7F4005E333D /* Frameworks */ = {
			isa = PBXFrameworksBuildPhase;
			buildActionMask = 2147483647;
			files = (
			);
			runOnlyForDeploymentPostprocessing = 0;
		};
		9B1DBD922A0E2EE40082999A /* Frameworks */ = {
			isa = PBXFrameworksBuildPhase;
			buildActionMask = 2147483647;
			files = (
			);
			runOnlyForDeploymentPostprocessing = 0;
		};
/* End PBXFrameworksBuildPhase section */

/* Begin PBXGroup section */
		9B0383AA2A04D7F4005E333D = {
			isa = PBXGroup;
			children = (
				9B0383B52A04D7F4005E333D /* JourneysSquad */,
				9B1DBD962A0E2EE40082999A /* JourneysSquadTests */,
				9B0383B42A04D7F4005E333D /* Products */,
			);
			sourceTree = "<group>";
		};
		9B0383B42A04D7F4005E333D /* Products */ = {
			isa = PBXGroup;
			children = (
				9B0383B32A04D7F4005E333D /* JourneysSquad.app */,
				9B1DBD952A0E2EE40082999A /* JourneysSquadTests.xctest */,
			);
			name = Products;
			sourceTree = "<group>";
		};
		9B0383B52A04D7F4005E333D /* JourneysSquad */ = {
			isa = PBXGroup;
			children = (
				9BF8522B2A0F6DA10000E0C0 /* Model */,
				9B0383B62A04D7F4005E333D /* JourneysSquadApp.swift */,
				9B0383B82A04D7F4005E333D /* ContentView.swift */,
				9B0383BA2A04D7F6005E333D /* Assets.xcassets */,
				9B0383BC2A04D7F6005E333D /* Preview Content */,
			);
			path = JourneysSquad;
			sourceTree = "<group>";
		};
		9B0383BC2A04D7F6005E333D /* Preview Content */ = {
			isa = PBXGroup;
			children = (
				9B0383BD2A04D7F6005E333D /* Preview Assets.xcassets */,
			);
			path = "Preview Content";
			sourceTree = "<group>";
		};
		9B1DBD962A0E2EE40082999A /* JourneysSquadTests */ = {
			isa = PBXGroup;
			children = (
			);
			path = JourneysSquadTests;
			sourceTree = "<group>";
		};
		9BF8522B2A0F6DA10000E0C0 /* Model */ = {
			isa = PBXGroup;
			children = (
				9BF8522C2A0F6DA10000E0C0 /* BillValidationError.swift */,
			);
			path = Model;
			sourceTree = "<group>";
		};
/* End PBXGroup section */

/* Begin PBXNativeTarget section */
		9B0383B22A04D7F4005E333D /* JourneysSquad */ = {
			isa = PBXNativeTarget;
			buildConfigurationList = 9B0383C12A04D7F6005E333D /* Build configuration list for PBXNativeTarget "JourneysSquad" */;
			buildPhases = (
				9B0383AF2A04D7F4005E333D /* Sources */,
				9B0383B02A04D7F4005E333D /* Frameworks */,
				9B0383B12A04D7F4005E333D /* Resources */,
				9B6F2F842A04F1DB00C7C2CD /* SwiftLint */,
			);
			buildRules = (
			);
			dependencies = (
			);
			name = JourneysSquad;
			productName = JourneysSquad;
			productReference = 9B0383B32A04D7F4005E333D /* JourneysSquad.app */;
			productType = "com.apple.product-type.application";
		};
		9B1DBD942A0E2EE40082999A /* JourneysSquadTests */ = {
			isa = PBXNativeTarget;
			buildConfigurationList = 9B1DBD9D2A0E2EE50082999A /* Build configuration list for PBXNativeTarget "JourneysSquadTests" */;
			buildPhases = (
				9B1DBD922A0E2EE40082999A /* Frameworks */,
				9B1DBD912A0E2EE40082999A /* Sources */,
				9B1DBD932A0E2EE40082999A /* Resources */,
			);
			buildRules = (
			);
			dependencies = (
				9B1DBD9A2A0E2EE50082999A /* PBXTargetDependency */,
			);
			name = JourneysSquadTests;
			productName = JourneysSquadTests;
			productReference = 9B1DBD952A0E2EE40082999A /* JourneysSquadTests.xctest */;
			productType = "com.apple.product-type.bundle.unit-test";
		};
/* End PBXNativeTarget section */

/* Begin PBXProject section */
		9B0383AB2A04D7F4005E333D /* Project object */ = {
			isa = PBXProject;
			attributes = {
				BuildIndependentTargetsInParallel = 1;
				LastSwiftUpdateCheck = 1430;
				LastUpgradeCheck = 1430;
				TargetAttributes = {
					9B0383B22A04D7F4005E333D = {
						CreatedOnToolsVersion = 14.3;
					};
					9B1DBD942A0E2EE40082999A = {
						CreatedOnToolsVersion = 14.3;
						TestTargetID = 9B0383B22A04D7F4005E333D;
					};
				};
			};
			buildConfigurationList = 9B0383AE2A04D7F4005E333D /* Build configuration list for PBXProject "JourneysSquad" */;
			compatibilityVersion = "Xcode 14.0";
			developmentRegion = en;
			hasScannedForEncodings = 0;
			knownRegions = (
				en,
				Base,
			);
			mainGroup = 9B0383AA2A04D7F4005E333D;
			productRefGroup = 9B0383B42A04D7F4005E333D /* Products */;
			projectDirPath = "";
			projectRoot = "";
			targets = (
				9B0383B22A04D7F4005E333D /* JourneysSquad */,
				9B1DBD942A0E2EE40082999A /* JourneysSquadTests */,
			);
		};
/* End PBXProject section */

/* Begin PBXResourcesBuildPhase section */
		9B0383B12A04D7F4005E333D /* Resources */ = {
			isa = PBXResourcesBuildPhase;
			buildActionMask = 2147483647;
			files = (
				9B0383BE2A04D7F6005E333D /* Preview Assets.xcassets in Resources */,
				9B0383BB2A04D7F6005E333D /* Assets.xcassets in Resources */,
			);
			runOnlyForDeploymentPostprocessing = 0;
		};
		9B1DBD932A0E2EE40082999A /* Resources */ = {
			isa = PBXResourcesBuildPhase;
			buildActionMask = 2147483647;
			files = (
			);
			runOnlyForDeploymentPostprocessing = 0;
		};
/* End PBXResourcesBuildPhase section */

/* Begin PBXShellScriptBuildPhase section */
		9B6F2F842A04F1DB00C7C2CD /* SwiftLint */ = {
			isa = PBXShellScriptBuildPhase;
			alwaysOutOfDate = 1;
			buildActionMask = 2147483647;
			files = (
			);
			inputFileListPaths = (
			);
			inputPaths = (
			);
			name = SwiftLint;
			outputFileListPaths = (
			);
			outputPaths = (
			);
			runOnlyForDeploymentPostprocessing = 0;
			shellPath = /bin/sh;
			shellScript = "export PATH=\"$PATH:/opt/homebrew/bin\"\nif which swiftlint > /dev/null; then\n  swiftlint --config ../.swiftlint.yml\nelse\n  echo \"warning: SwiftLint not installed, download from https://github.com/realm/SwiftLint\"\nfi\n";
		};
/* End PBXShellScriptBuildPhase section */

/* Begin PBXSourcesBuildPhase section */
		9B0383AF2A04D7F4005E333D /* Sources */ = {
			isa = PBXSourcesBuildPhase;
			buildActionMask = 2147483647;
			files = (
				9B0383B92A04D7F4005E333D /* ContentView.swift in Sources */,
				9BF8522D2A0F6DA10000E0C0 /* BillValidationError.swift in Sources */,
				9B0383B72A04D7F4005E333D /* JourneysSquadApp.swift in Sources */,
			);
			runOnlyForDeploymentPostprocessing = 0;
		};
		9B1DBD912A0E2EE40082999A /* Sources */ = {
			isa = PBXSourcesBuildPhase;
			buildActionMask = 2147483647;
			files = (
			);
			runOnlyForDeploymentPostprocessing = 0;
		};
/* End PBXSourcesBuildPhase section */

/* Begin PBXTargetDependency section */
		9B1DBD9A2A0E2EE50082999A /* PBXTargetDependency */ = {
			isa = PBXTargetDependency;
			target = 9B0383B22A04D7F4005E333D /* JourneysSquad */;
			targetProxy = 9B1DBD992A0E2EE50082999A /* PBXContainerItemProxy */;
		};
/* End PBXTargetDependency section */

/* Begin XCBuildConfiguration section */
		9B0383BF2A04D7F6005E333D /* Debug */ = {
			isa = XCBuildConfiguration;
			buildSettings = {
				ALWAYS_SEARCH_USER_PATHS = NO;
				CLANG_ANALYZER_NONNULL = YES;
				CLANG_ANALYZER_NUMBER_OBJECT_CONVERSION = YES_AGGRESSIVE;
				CLANG_CXX_LANGUAGE_STANDARD = "gnu++20";
				CLANG_ENABLE_MODULES = YES;
				CLANG_ENABLE_OBJC_ARC = YES;
				CLANG_ENABLE_OBJC_WEAK = YES;
				CLANG_WARN_BLOCK_CAPTURE_AUTORELEASING = YES;
				CLANG_WARN_BOOL_CONVERSION = YES;
				CLANG_WARN_COMMA = YES;
				CLANG_WARN_CONSTANT_CONVERSION = YES;
				CLANG_WARN_DEPRECATED_OBJC_IMPLEMENTATIONS = YES;
				CLANG_WARN_DIRECT_OBJC_ISA_USAGE = YES_ERROR;
				CLANG_WARN_DOCUMENTATION_COMMENTS = YES;
				CLANG_WARN_EMPTY_BODY = YES;
				CLANG_WARN_ENUM_CONVERSION = YES;
				CLANG_WARN_INFINITE_RECURSION = YES;
				CLANG_WARN_INT_CONVERSION = YES;
				CLANG_WARN_NON_LITERAL_NULL_CONVERSION = YES;
				CLANG_WARN_OBJC_IMPLICIT_RETAIN_SELF = YES;
				CLANG_WARN_OBJC_LITERAL_CONVERSION = YES;
				CLANG_WARN_OBJC_ROOT_CLASS = YES_ERROR;
				CLANG_WARN_QUOTED_INCLUDE_IN_FRAMEWORK_HEADER = YES;
				CLANG_WARN_RANGE_LOOP_ANALYSIS = YES;
				CLANG_WARN_STRICT_PROTOTYPES = YES;
				CLANG_WARN_SUSPICIOUS_MOVE = YES;
				CLANG_WARN_UNGUARDED_AVAILABILITY = YES_AGGRESSIVE;
				CLANG_WARN_UNREACHABLE_CODE = YES;
				CLANG_WARN__DUPLICATE_METHOD_MATCH = YES;
				COPY_PHASE_STRIP = NO;
				CURRENT_PROJECT_VERSION = 0;
				DEBUG_INFORMATION_FORMAT = dwarf;
				ENABLE_STRICT_OBJC_MSGSEND = YES;
				ENABLE_TESTABILITY = YES;
				GCC_C_LANGUAGE_STANDARD = gnu11;
				GCC_DYNAMIC_NO_PIC = NO;
				GCC_NO_COMMON_BLOCKS = YES;
				GCC_OPTIMIZATION_LEVEL = 0;
				GCC_PREPROCESSOR_DEFINITIONS = (
					"DEBUG=1",
					"$(inherited)",
				);
				GCC_WARN_64_TO_32_BIT_CONVERSION = YES;
				GCC_WARN_ABOUT_RETURN_TYPE = YES_ERROR;
				GCC_WARN_UNDECLARED_SELECTOR = YES;
				GCC_WARN_UNINITIALIZED_AUTOS = YES_AGGRESSIVE;
				GCC_WARN_UNUSED_FUNCTION = YES;
				GCC_WARN_UNUSED_VARIABLE = YES;
				IPHONEOS_DEPLOYMENT_TARGET = 16.0;
				MARKETING_VERSION = 0;
				MTL_ENABLE_DEBUG_INFO = INCLUDE_SOURCE;
				MTL_FAST_MATH = YES;
				ONLY_ACTIVE_ARCH = YES;
				SDKROOT = iphoneos;
				SWIFT_ACTIVE_COMPILATION_CONDITIONS = DEBUG;
				SWIFT_OPTIMIZATION_LEVEL = "-Onone";
			};
			name = Debug;
		};
		9B0383C02A04D7F6005E333D /* Release */ = {
			isa = XCBuildConfiguration;
			buildSettings = {
				ALWAYS_SEARCH_USER_PATHS = NO;
				CLANG_ANALYZER_NONNULL = YES;
				CLANG_ANALYZER_NUMBER_OBJECT_CONVERSION = YES_AGGRESSIVE;
				CLANG_CXX_LANGUAGE_STANDARD = "gnu++20";
				CLANG_ENABLE_MODULES = YES;
				CLANG_ENABLE_OBJC_ARC = YES;
				CLANG_ENABLE_OBJC_WEAK = YES;
				CLANG_WARN_BLOCK_CAPTURE_AUTORELEASING = YES;
				CLANG_WARN_BOOL_CONVERSION = YES;
				CLANG_WARN_COMMA = YES;
				CLANG_WARN_CONSTANT_CONVERSION = YES;
				CLANG_WARN_DEPRECATED_OBJC_IMPLEMENTATIONS = YES;
				CLANG_WARN_DIRECT_OBJC_ISA_USAGE = YES_ERROR;
				CLANG_WARN_DOCUMENTATION_COMMENTS = YES;
				CLANG_WARN_EMPTY_BODY = YES;
				CLANG_WARN_ENUM_CONVERSION = YES;
				CLANG_WARN_INFINITE_RECURSION = YES;
				CLANG_WARN_INT_CONVERSION = YES;
				CLANG_WARN_NON_LITERAL_NULL_CONVERSION = YES;
				CLANG_WARN_OBJC_IMPLICIT_RETAIN_SELF = YES;
				CLANG_WARN_OBJC_LITERAL_CONVERSION = YES;
				CLANG_WARN_OBJC_ROOT_CLASS = YES_ERROR;
				CLANG_WARN_QUOTED_INCLUDE_IN_FRAMEWORK_HEADER = YES;
				CLANG_WARN_RANGE_LOOP_ANALYSIS = YES;
				CLANG_WARN_STRICT_PROTOTYPES = YES;
				CLANG_WARN_SUSPICIOUS_MOVE = YES;
				CLANG_WARN_UNGUARDED_AVAILABILITY = YES_AGGRESSIVE;
				CLANG_WARN_UNREACHABLE_CODE = YES;
				CLANG_WARN__DUPLICATE_METHOD_MATCH = YES;
				COPY_PHASE_STRIP = NO;
				CURRENT_PROJECT_VERSION = 0;
				DEBUG_INFORMATION_FORMAT = "dwarf-with-dsym";
				ENABLE_NS_ASSERTIONS = NO;
				ENABLE_STRICT_OBJC_MSGSEND = YES;
				GCC_C_LANGUAGE_STANDARD = gnu11;
				GCC_NO_COMMON_BLOCKS = YES;
				GCC_WARN_64_TO_32_BIT_CONVERSION = YES;
				GCC_WARN_ABOUT_RETURN_TYPE = YES_ERROR;
				GCC_WARN_UNDECLARED_SELECTOR = YES;
				GCC_WARN_UNINITIALIZED_AUTOS = YES_AGGRESSIVE;
				GCC_WARN_UNUSED_FUNCTION = YES;
				GCC_WARN_UNUSED_VARIABLE = YES;
				IPHONEOS_DEPLOYMENT_TARGET = 16.0;
				MARKETING_VERSION = 0;
				MTL_ENABLE_DEBUG_INFO = NO;
				MTL_FAST_MATH = YES;
				SDKROOT = iphoneos;
				SWIFT_COMPILATION_MODE = wholemodule;
				SWIFT_OPTIMIZATION_LEVEL = "-O";
				VALIDATE_PRODUCT = YES;
			};
			name = Release;
		};
		9B0383C22A04D7F6005E333D /* Debug */ = {
			isa = XCBuildConfiguration;
			buildSettings = {
				ASSETCATALOG_COMPILER_APPICON_NAME = AppIcon;
				ASSETCATALOG_COMPILER_GLOBAL_ACCENT_COLOR_NAME = AccentColor;
				CODE_SIGN_STYLE = Automatic;
				CURRENT_PROJECT_VERSION = "$(CURRENT_PROJECT_VERSION)";
				DEVELOPMENT_ASSET_PATHS = "\"JourneysSquad/Preview Content\"";
				ENABLE_PREVIEWS = YES;
				GENERATE_INFOPLIST_FILE = YES;
				INFOPLIST_KEY_UIApplicationSceneManifest_Generation = YES;
				INFOPLIST_KEY_UIApplicationSupportsIndirectInputEvents = YES;
				INFOPLIST_KEY_UILaunchScreen_Generation = YES;
				INFOPLIST_KEY_UISupportedInterfaceOrientations = UIInterfaceOrientationPortrait;
				INFOPLIST_KEY_UISupportedInterfaceOrientations_iPad = "UIInterfaceOrientationLandscapeLeft UIInterfaceOrientationLandscapeRight UIInterfaceOrientationPortrait UIInterfaceOrientationPortraitUpsideDown";
				IPHONEOS_DEPLOYMENT_TARGET = 16.0;
				LD_RUNPATH_SEARCH_PATHS = (
					"$(inherited)",
					"@executable_path/Frameworks",
				);
				MARKETING_VERSION = "$(MARKETING_VERSION)";
				PRODUCT_BUNDLE_IDENTIFIER = "com.link-team-project.iOS.JourneysSquad";
				PRODUCT_NAME = "$(TARGET_NAME)";
				SUPPORTED_PLATFORMS = "iphoneos iphonesimulator";
				SUPPORTS_MACCATALYST = NO;
				SUPPORTS_MAC_DESIGNED_FOR_IPHONE_IPAD = NO;
				SWIFT_EMIT_LOC_STRINGS = YES;
				SWIFT_VERSION = 5.0;
				TARGETED_DEVICE_FAMILY = 1;
			};
			name = Debug;
		};
		9B0383C32A04D7F6005E333D /* Release */ = {
			isa = XCBuildConfiguration;
			buildSettings = {
				ASSETCATALOG_COMPILER_APPICON_NAME = AppIcon;
				ASSETCATALOG_COMPILER_GLOBAL_ACCENT_COLOR_NAME = AccentColor;
				CODE_SIGN_STYLE = Automatic;
				CURRENT_PROJECT_VERSION = "$(CURRENT_PROJECT_VERSION)";
				DEVELOPMENT_ASSET_PATHS = "\"JourneysSquad/Preview Content\"";
				ENABLE_PREVIEWS = YES;
				GENERATE_INFOPLIST_FILE = YES;
				INFOPLIST_KEY_UIApplicationSceneManifest_Generation = YES;
				INFOPLIST_KEY_UIApplicationSupportsIndirectInputEvents = YES;
				INFOPLIST_KEY_UILaunchScreen_Generation = YES;
				INFOPLIST_KEY_UISupportedInterfaceOrientations = UIInterfaceOrientationPortrait;
				INFOPLIST_KEY_UISupportedInterfaceOrientations_iPad = "UIInterfaceOrientationLandscapeLeft UIInterfaceOrientationLandscapeRight UIInterfaceOrientationPortrait UIInterfaceOrientationPortraitUpsideDown";
				IPHONEOS_DEPLOYMENT_TARGET = 16.0;
				LD_RUNPATH_SEARCH_PATHS = (
					"$(inherited)",
					"@executable_path/Frameworks",
				);
				MARKETING_VERSION = "$(MARKETING_VERSION)";
				PRODUCT_BUNDLE_IDENTIFIER = "com.link-team-project.iOS.JourneysSquad";
				PRODUCT_NAME = "$(TARGET_NAME)";
				SUPPORTED_PLATFORMS = "iphoneos iphonesimulator";
				SUPPORTS_MACCATALYST = NO;
				SUPPORTS_MAC_DESIGNED_FOR_IPHONE_IPAD = NO;
				SWIFT_EMIT_LOC_STRINGS = YES;
				SWIFT_VERSION = 5.0;
				TARGETED_DEVICE_FAMILY = 1;
			};
			name = Release;
		};
		9B1DBD9B2A0E2EE50082999A /* Debug */ = {
			isa = XCBuildConfiguration;
			buildSettings = {
				BUNDLE_LOADER = "$(TEST_HOST)";
				CODE_SIGN_STYLE = Automatic;
				CURRENT_PROJECT_VERSION = 0;
				GENERATE_INFOPLIST_FILE = YES;
				IPHONEOS_DEPLOYMENT_TARGET = 16.0;
				MARKETING_VERSION = 0;
				PRODUCT_BUNDLE_IDENTIFIER = "com.link-team-project.iOS.JourneysSquadTests";
				PRODUCT_NAME = "$(TARGET_NAME)";
				SUPPORTED_PLATFORMS = "iphoneos iphonesimulator";
				SUPPORTS_MACCATALYST = NO;
				SUPPORTS_MAC_DESIGNED_FOR_IPHONE_IPAD = NO;
				SWIFT_EMIT_LOC_STRINGS = NO;
				SWIFT_VERSION = 5.0;
				TARGETED_DEVICE_FAMILY = 1;
				TEST_HOST = "$(BUILT_PRODUCTS_DIR)/JourneysSquad.app/$(BUNDLE_EXECUTABLE_FOLDER_PATH)/JourneysSquad";
			};
			name = Debug;
		};
		9B1DBD9C2A0E2EE50082999A /* Release */ = {
			isa = XCBuildConfiguration;
			buildSettings = {
				BUNDLE_LOADER = "$(TEST_HOST)";
				CODE_SIGN_STYLE = Automatic;
				CURRENT_PROJECT_VERSION = 0;
				GENERATE_INFOPLIST_FILE = YES;
				IPHONEOS_DEPLOYMENT_TARGET = 16.0;
				MARKETING_VERSION = 0;
				PRODUCT_BUNDLE_IDENTIFIER = "com.link-team-project.iOS.JourneysSquadTests";
				PRODUCT_NAME = "$(TARGET_NAME)";
				SUPPORTED_PLATFORMS = "iphoneos iphonesimulator";
				SUPPORTS_MACCATALYST = NO;
				SUPPORTS_MAC_DESIGNED_FOR_IPHONE_IPAD = NO;
				SWIFT_EMIT_LOC_STRINGS = NO;
				SWIFT_VERSION = 5.0;
				TARGETED_DEVICE_FAMILY = 1;
				TEST_HOST = "$(BUILT_PRODUCTS_DIR)/JourneysSquad.app/$(BUNDLE_EXECUTABLE_FOLDER_PATH)/JourneysSquad";
			};
			name = Release;
		};
/* End XCBuildConfiguration section */

/* Begin XCConfigurationList section */
		9B0383AE2A04D7F4005E333D /* Build configuration list for PBXProject "JourneysSquad" */ = {
			isa = XCConfigurationList;
			buildConfigurations = (
				9B0383BF2A04D7F6005E333D /* Debug */,
				9B0383C02A04D7F6005E333D /* Release */,
			);
			defaultConfigurationIsVisible = 0;
			defaultConfigurationName = Release;
		};
		9B0383C12A04D7F6005E333D /* Build configuration list for PBXNativeTarget "JourneysSquad" */ = {
			isa = XCConfigurationList;
			buildConfigurations = (
				9B0383C22A04D7F6005E333D /* Debug */,
				9B0383C32A04D7F6005E333D /* Release */,
			);
			defaultConfigurationIsVisible = 0;
			defaultConfigurationName = Release;
		};
		9B1DBD9D2A0E2EE50082999A /* Build configuration list for PBXNativeTarget "JourneysSquadTests" */ = {
			isa = XCConfigurationList;
			buildConfigurations = (
				9B1DBD9B2A0E2EE50082999A /* Debug */,
				9B1DBD9C2A0E2EE50082999A /* Release */,
			);
			defaultConfigurationIsVisible = 0;
			defaultConfigurationName = Release;
		};
/* End XCConfigurationList section */
	};
	rootObject = 9B0383AB2A04D7F4005E333D /* Project object */;
}
